github.com/clbanning/mxj v1.8.4 h1:HuhwZtbyvyOw+3Z1AowPkU87JkJUSv751ELWaiTpj8I=
github.com/clbanning/mxj v1.8.4/go.mod h1:BVjHeAH+rl9rs6f+QIpeRl0tfu10SXn1pUSa5PVGJng=
github.com/go-msvc/config v0.0.0-20201012214049-a0f9593ee42d h1:4xNKqVxXOv7Iu1gLdYRv707Bzw0pP1/4zgZwPFzREag=
github.com/go-msvc/config v0.0.0-20201012214049-a0f9593ee42d/go.mod h1:zKgW4yoUD/XXm1XPuuNfIfVYpJ91lANyZ70QcSegdQg=
github.com/go-msvc/errors v0.0.0-20191116111408-1c2c4914594f/go.mod h1:6TowyvcfJbqCqtdQiUebaZFv8oKr9w725osRS4PjBuc=
github.com/go-msvc/errors v0.0.0-20200923051340-b430f75e4310 h1:twnK1V6u95Cp930oadt2L5ymxxljECOaE6HwKuz0dKo=
github.com/go-msvc/errors v0.0.0-20200923051340-b430f75e4310/go.mod h1:Q+R/tD81ObsvmuMsZ2qxgTQ6IItj9C52nMFsnlXHiFs=
github.com/go-msvc/log v0.0.0-20200515104948-e039d1c2f30d/go.mod h1:Dnqfxk5HByk8ymjEJWsYo0V35hNTL3jfdqofPWB7Jac=
github.com/go-msvc/logger v0.0.0-20200921071849-c0ba6025fb9f/go.mod h1:1d92/t6HRCrlSxL48lANZEVbWhPyGbnugbxJ6xs5J9g=
github.com/go-msvc/logger v0.0.0-20201009115739-19c071e1753d h1:/cqg8Fsrw8Vq7QTQZcuXiL5GFEcbOHiMq3c6/zmz1v0=
github.com/go-msvc/logger v0.0.0-20201009115739-19c071e1753d/go.mod h1:16Ig/MTtmBb8yANun4DK+CyH5YOxhE6ri4P38mV4NHk=
github.com/go-msvc/logger v0.0.0-20201014045617-be0db526d51b h1:4daKfvbxUc/My6s/NtuSeO5kpa0hU/Ru2wiJzI2H9dM=
github.com/go-msvc/logger v0.0.0-20201014045617-be0db526d51b/go.mod h1:3LTuSIgsxHcnerMoiem5Z9Qfw2wQsrmhrmDGcfa4b6Q=
github.com/jansemmelink/log v0.3.0/go.mod h1:4npzuSpVcgpimzy6N9b1E1yTv5L4QfZ2G0CzNDb+55M=
github.com/jansemmelink/ms v0.0.0-20200920133023-6a7846a97da6/go.mod h1:Ge6mU3epZKb5F24/5wud9IIa04xRbm8y3W7uFA3tZUo=
github.com/mediocregopher/radix.v2 v0.0.0-20181115013041-b67df6e626f9/go.mod h1:fLRUbhbSd5Px2yKUaGYYPltlyxi1guJz1vCmo1RQL50=
github.com/pkg/errors v0.9.1/go.mod h1:bwawxfHBFNV+L2hUp1rHADufV3IMtnDRdf1r5NINEl0=
golang.org/x/time v0.0.0-20200630173020-3af7569d3a1e/go.mod h1:tRJNPiyCQ0inRvYxbN9jk5I+vvW/OXSQhTDSoE431IQ=
